{
  "name": "hackathon",
  "version": "1.0.0",
  "lockfileVersion": 1,
  "requires": true,
  "dependencies": {
    "weird-fonts": {
      "version": "0.1.2",
      "resolved": "https://registry.npmjs.org/weird-fonts/-/weird-fonts-0.1.2.tgz",
      "integrity": "sha512-8p58gJOuwGYMPv4ZXDH2+44TEqCrLeR5txLymVhgMstJzvAh47b3QV28XQ962z78QCCcusA5ZHmTLB+fwX95Fg=="
    }
  }
}
